
Microsoft Visual Studio Solution File, Format Version 12.00
# Visual Studio Version 17
VisualStudioVersion = 17.9.34728.123
MinimumVisualStudioVersion = 10.0.40219.1
Project("{FAE04EC0-301F-11D3-BF4B-00C04F79EFBC}") = "atv-frank04", "atv-frank04\atv-frank04.csproj", "{B2632610-0FA7-4F54-B3B4-4137F4271106}"
EndProject
Global
	GlobalSection(SolutionConfigurationPlatforms) = preSolution
		Debug|Any CPU = Debug|Any CPU
		Release|Any CPU = Release|Any CPU
	EndGlobalSection
	GlobalSection(ProjectConfigurationPlatforms) = postSolution
		{B2632610-0FA7-4F54-B3B4-4137F4271106}.Debug|Any CPU.ActiveCfg = Debug|Any CPU
		{B2632610-0FA7-4F54-B3B4-4137F4271106}.Debug|Any CPU.Build.0 = Debug|Any CPU
		{B2632610-0FA7-4F54-B3B4-4137F4271106}.Release|Any CPU.ActiveCfg = Release|Any CPU
		{B2632610-0FA7-4F54-B3B4-4137F4271106}.Release|Any CPU.Build.0 = Release|Any CPU
	EndGlobalSection
	GlobalSection(SolutionProperties) = preSolution
		HideSolutionNode = FALSE
	EndGlobalSection
	GlobalSection(ExtensibilityGlobals) = postSolution
		SolutionGuid = {7CAD5BB0-174D-409C-A903-7F74F45FCFFB}
	EndGlobalSection
EndGlobal
